
Microsoft Visual Studio Solution File, Format Version 12.00
# Visual Studio Version 17
VisualStudioVersion = 17.2.32616.157
MinimumVisualStudioVersion = 10.0.40219.1
Project("{FAE04EC0-301F-11D3-BF4B-00C04F79EFBC}") = "ShoppingListLab", "ShoppingListLab\ShoppingListLab.csproj", "{527DE167-F40C-45D6-B13E-CD716C4D8E73}"
EndProject
Global
	GlobalSection(SolutionConfigurationPlatforms) = preSolution
		Debug|Any CPU = Debug|Any CPU
		Release|Any CPU = Release|Any CPU
	EndGlobalSection
	GlobalSection(ProjectConfigurationPlatforms) = postSolution
		{527DE167-F40C-45D6-B13E-CD716C4D8E73}.Debug|Any CPU.ActiveCfg = Debug|Any CPU
		{527DE167-F40C-45D6-B13E-CD716C4D8E73}.Debug|Any CPU.Build.0 = Debug|Any CPU
		{527DE167-F40C-45D6-B13E-CD716C4D8E73}.Release|Any CPU.ActiveCfg = Release|Any CPU
		{527DE167-F40C-45D6-B13E-CD716C4D8E73}.Release|Any CPU.Build.0 = Release|Any CPU
	EndGlobalSection
	GlobalSection(SolutionProperties) = preSolution
		HideSolutionNode = FALSE
	EndGlobalSection
	GlobalSection(ExtensibilityGlobals) = postSolution
		SolutionGuid = {362D8420-0815-4442-81F2-A9470FCA2FAC}
	EndGlobalSection
EndGlobal
